// !$*UTF8*$!
{
	archiveVersion = 1;
	classes = {
	};
	objectVersion = 50;
	objects = {

/* Begin PBXBuildFile section */
		37D58086B7398CA8E561ABBE /* Pods_car_reservation.framework in Frameworks */ = {isa = PBXBuildFile; fileRef = 663E233C08E7D125D89297AD /* Pods_car_reservation.framework */; };
		ACBD025A263D921C00DBF110 /* AppDelegate.swift in Sources */ = {isa = PBXBuildFile; fileRef = ACBD0259263D921C00DBF110 /* AppDelegate.swift */; };
		ACBD025C263D921C00DBF110 /* SceneDelegate.swift in Sources */ = {isa = PBXBuildFile; fileRef = ACBD025B263D921C00DBF110 /* SceneDelegate.swift */; };
		ACBD025E263D921D00DBF110 /* ViewController.swift in Sources */ = {isa = PBXBuildFile; fileRef = ACBD025D263D921D00DBF110 /* ViewController.swift */; };
		ACBD0261263D921D00DBF110 /* Main.storyboard in Resources */ = {isa = PBXBuildFile; fileRef = ACBD025F263D921D00DBF110 /* Main.storyboard */; };
		ACBD0263263D921E00DBF110 /* Assets.xcassets in Resources */ = {isa = PBXBuildFile; fileRef = ACBD0262263D921E00DBF110 /* Assets.xcassets */; };
		ACBD0266263D921E00DBF110 /* LaunchScreen.storyboard in Resources */ = {isa = PBXBuildFile; fileRef = ACBD0264263D921E00DBF110 /* LaunchScreen.storyboard */; };
		ACBD0273263D97DD00DBF110 /* LoginViewController.swift in Sources */ = {isa = PBXBuildFile; fileRef = ACBD0272263D97DD00DBF110 /* LoginViewController.swift */; };
		ACBD0276263D9B5200DBF110 /* HomeViewController.swift in Sources */ = {isa = PBXBuildFile; fileRef = ACBD0275263D9B5200DBF110 /* HomeViewController.swift */; };
		ACBD0279263D9E6A00DBF110 /* ReserveViewController.swift in Sources */ = {isa = PBXBuildFile; fileRef = ACBD0278263D9E6A00DBF110 /* ReserveViewController.swift */; };
		ACBD027C263D9F3700DBF110 /* PlaceViewController.swift in Sources */ = {isa = PBXBuildFile; fileRef = ACBD027B263D9F3700DBF110 /* PlaceViewController.swift */; };
		ACBD027F263D9F7C00DBF110 /* MyPageViewController.swift in Sources */ = {isa = PBXBuildFile; fileRef = ACBD027E263D9F7C00DBF110 /* MyPageViewController.swift */; };
/* End PBXBuildFile section */

/* Begin PBXFileReference section */
		5AC74CAC88A61D41A3539F0B /* Pods-car-reservation.release.xcconfig */ = {isa = PBXFileReference; includeInIndex = 1; lastKnownFileType = text.xcconfig; name = "Pods-car-reservation.release.xcconfig"; path = "Target Support Files/Pods-car-reservation/Pods-car-reservation.release.xcconfig"; sourceTree = "<group>"; };
		663E233C08E7D125D89297AD /* Pods_car_reservation.framework */ = {isa = PBXFileReference; explicitFileType = wrapper.framework; includeInIndex = 0; path = Pods_car_reservation.framework; sourceTree = BUILT_PRODUCTS_DIR; };
		98D2EFED481005AE53F5B0FB /* Pods-car-reservation.debug.xcconfig */ = {isa = PBXFileReference; includeInIndex = 1; lastKnownFileType = text.xcconfig; name = "Pods-car-reservation.debug.xcconfig"; path = "Target Support Files/Pods-car-reservation/Pods-car-reservation.debug.xcconfig"; sourceTree = "<group>"; };
		ACBD0256263D921C00DBF110 /* car-reservation.app */ = {isa = PBXFileReference; explicitFileType = wrapper.application; includeInIndex = 0; path = "car-reservation.app"; sourceTree = BUILT_PRODUCTS_DIR; };
		ACBD0259263D921C00DBF110 /* AppDelegate.swift */ = {isa = PBXFileReference; lastKnownFileType = sourcecode.swift; path = AppDelegate.swift; sourceTree = "<group>"; };
		ACBD025B263D921C00DBF110 /* SceneDelegate.swift */ = {isa = PBXFileReference; lastKnownFileType = sourcecode.swift; path = SceneDelegate.swift; sourceTree = "<group>"; };
		ACBD025D263D921D00DBF110 /* ViewController.swift */ = {isa = PBXFileReference; lastKnownFileType = sourcecode.swift; path = ViewController.swift; sourceTree = "<group>"; };
		ACBD0260263D921D00DBF110 /* Base */ = {isa = PBXFileReference; lastKnownFileType = file.storyboard; name = Base; path = Base.lproj/Main.storyboard; sourceTree = "<group>"; };
		ACBD0262263D921E00DBF110 /* Assets.xcassets */ = {isa = PBXFileReference; lastKnownFileType = folder.assetcatalog; path = Assets.xcassets; sourceTree = "<group>"; };
		ACBD0265263D921E00DBF110 /* Base */ = {isa = PBXFileReference; lastKnownFileType = file.storyboard; name = Base; path = Base.lproj/LaunchScreen.storyboard; sourceTree = "<group>"; };
		ACBD0267263D921E00DBF110 /* Info.plist */ = {isa = PBXFileReference; lastKnownFileType = text.plist.xml; path = Info.plist; sourceTree = "<group>"; };
		ACBD0272263D97DD00DBF110 /* LoginViewController.swift */ = {isa = PBXFileReference; lastKnownFileType = sourcecode.swift; path = LoginViewController.swift; sourceTree = "<group>"; };
		ACBD0275263D9B5200DBF110 /* HomeViewController.swift */ = {isa = PBXFileReference; lastKnownFileType = sourcecode.swift; path = HomeViewController.swift; sourceTree = "<group>"; };
		ACBD0278263D9E6A00DBF110 /* ReserveViewController.swift */ = {isa = PBXFileReference; lastKnownFileType = sourcecode.swift; path = ReserveViewController.swift; sourceTree = "<group>"; };
		ACBD027B263D9F3700DBF110 /* PlaceViewController.swift */ = {isa = PBXFileReference; lastKnownFileType = sourcecode.swift; path = PlaceViewController.swift; sourceTree = "<group>"; };
		ACBD027E263D9F7C00DBF110 /* MyPageViewController.swift */ = {isa = PBXFileReference; lastKnownFileType = sourcecode.swift; path = MyPageViewController.swift; sourceTree = "<group>"; };
/* End PBXFileReference section */

/* Begin PBXFrameworksBuildPhase section */
		ACBD0253263D921C00DBF110 /* Frameworks */ = {
			isa = PBXFrameworksBuildPhase;
			buildActionMask = 2147483647;
			files = (
				37D58086B7398CA8E561ABBE /* Pods_car_reservation.framework in Frameworks */,
			);
			runOnlyForDeploymentPostprocessing = 0;
		};
/* End PBXFrameworksBuildPhase section */

/* Begin PBXGroup section */
		20A50288FF8E23CCB284D26C /* Pods */ = {
			isa = PBXGroup;
			children = (
				98D2EFED481005AE53F5B0FB /* Pods-car-reservation.debug.xcconfig */,
				5AC74CAC88A61D41A3539F0B /* Pods-car-reservation.release.xcconfig */,
			);
			name = Pods;
			path = Pods;
			sourceTree = "<group>";
		};
		438F5875AE9ABB9096C34DB1 /* Frameworks */ = {
			isa = PBXGroup;
			children = (
				663E233C08E7D125D89297AD /* Pods_car_reservation.framework */,
			);
			name = Frameworks;
			sourceTree = "<group>";
		};
		ACBD024D263D921C00DBF110 = {
			isa = PBXGroup;
			children = (
				ACBD0258263D921C00DBF110 /* car-reservation */,
				ACBD0257263D921C00DBF110 /* Products */,
				20A50288FF8E23CCB284D26C /* Pods */,
				438F5875AE9ABB9096C34DB1 /* Frameworks */,
			);
			sourceTree = "<group>";
		};
		ACBD0257263D921C00DBF110 /* Products */ = {
			isa = PBXGroup;
			children = (
				ACBD0256263D921C00DBF110 /* car-reservation.app */,
			);
			name = Products;
			sourceTree = "<group>";
		};
		ACBD0258263D921C00DBF110 /* car-reservation */ = {
			isa = PBXGroup;
			children = (
				ACBD0259263D921C00DBF110 /* AppDelegate.swift */,
				ACBD025B263D921C00DBF110 /* SceneDelegate.swift */,
				ACBD025D263D921D00DBF110 /* ViewController.swift */,
				ACBD025F263D921D00DBF110 /* Main.storyboard */,
				ACBD027E263D9F7C00DBF110 /* MyPageViewController.swift */,
				ACBD027B263D9F3700DBF110 /* PlaceViewController.swift */,
				ACBD0278263D9E6A00DBF110 /* ReserveViewController.swift */,
				ACBD0275263D9B5200DBF110 /* HomeViewController.swift */,
				ACBD0272263D97DD00DBF110 /* LoginViewController.swift */,
				ACBD0262263D921E00DBF110 /* Assets.xcassets */,
				ACBD0264263D921E00DBF110 /* LaunchScreen.storyboard */,
				ACBD0267263D921E00DBF110 /* Info.plist */,
			);
			path = "car-reservation";
			sourceTree = "<group>";
		};
/* End PBXGroup section */

/* Begin PBXNativeTarget section */
		ACBD0255263D921C00DBF110 /* car-reservation */ = {
			isa = PBXNativeTarget;
			buildConfigurationList = ACBD026A263D921E00DBF110 /* Build configuration list for PBXNativeTarget "car-reservation" */;
			buildPhases = (
				F6F17A76AE8AD657EBE933D3 /* [CP] Check Pods Manifest.lock */,
				ACBD0252263D921C00DBF110 /* Sources */,
				ACBD0253263D921C00DBF110 /* Frameworks */,
				ACBD0254263D921C00DBF110 /* Resources */,
				D49A7332390095546345BCC6 /* [CP] Embed Pods Frameworks */,
			);
			buildRules = (
			);
			dependencies = (
			);
			name = "car-reservation";
			productName = "car-reservation";
			productReference = ACBD0256263D921C00DBF110 /* car-reservation.app */;
			productType = "com.apple.product-type.application";
		};
/* End PBXNativeTarget section */

/* Begin PBXProject section */
		ACBD024E263D921C00DBF110 /* Project object */ = {
			isa = PBXProject;
			attributes = {
				LastSwiftUpdateCheck = 1220;
				LastUpgradeCheck = 1220;
				TargetAttributes = {
					ACBD0255263D921C00DBF110 = {
						CreatedOnToolsVersion = 12.2;
					};
				};
			};
			buildConfigurationList = ACBD0251263D921C00DBF110 /* Build configuration list for PBXProject "car-reservation" */;
			compatibilityVersion = "Xcode 9.3";
			developmentRegion = en;
			hasScannedForEncodings = 0;
			knownRegions = (
				en,
				Base,
			);
			mainGroup = ACBD024D263D921C00DBF110;
			productRefGroup = ACBD0257263D921C00DBF110 /* Products */;
			projectDirPath = "";
			projectRoot = "";
			targets = (
				ACBD0255263D921C00DBF110 /* car-reservation */,
			);
		};
/* End PBXProject section */

/* Begin PBXResourcesBuildPhase section */
		ACBD0254263D921C00DBF110 /* Resources */ = {
			isa = PBXResourcesBuildPhase;
			buildActionMask = 2147483647;
			files = (
				ACBD0266263D921E00DBF110 /* LaunchScreen.storyboard in Resources */,
				ACBD0263263D921E00DBF110 /* Assets.xcassets in Resources */,
				ACBD0261263D921D00DBF110 /* Main.storyboard in Resources */,
			);
			runOnlyForDeploymentPostprocessing = 0;
		};
/* End PBXResourcesBuildPhase section */

/* Begin PBXShellScriptBuildPhase section */
		D49A7332390095546345BCC6 /* [CP] Embed Pods Frameworks */ = {
			isa = PBXShellScriptBuildPhase;
			buildActionMask = 2147483647;
			files = (
			);
			inputFileListPaths = (
				"${PODS_ROOT}/Target Support Files/Pods-car-reservation/Pods-car-reservation-frameworks-${CONFIGURATION}-input-files.xcfilelist",
			);
			name = "[CP] Embed Pods Frameworks";
			outputFileListPaths = (
				"${PODS_ROOT}/Target Support Files/Pods-car-reservation/Pods-car-reservation-frameworks-${CONFIGURATION}-output-files.xcfilelist",
			);
			runOnlyForDeploymentPostprocessing = 0;
			shellPath = /bin/sh;
			shellScript = "\"${PODS_ROOT}/Target Support Files/Pods-car-reservation/Pods-car-reservation-frameworks.sh\"\n";
			showEnvVarsInLog = 0;
		};
		F6F17A76AE8AD657EBE933D3 /* [CP] Check Pods Manifest.lock */ = {
			isa = PBXShellScriptBuildPhase;
			buildActionMask = 2147483647;
			files = (
			);
			inputFileListPaths = (
			);
			inputPaths = (
				"${PODS_PODFILE_DIR_PATH}/Podfile.lock",
				"${PODS_ROOT}/Manifest.lock",
			);
			name = "[CP] Check Pods Manifest.lock";
			outputFileListPaths = (
			);
			outputPaths = (
				"$(DERIVED_FILE_DIR)/Pods-car-reservation-checkManifestLockResult.txt",
			);
			runOnlyForDeploymentPostprocessing = 0;
			shellPath = /bin/sh;
			shellScript = "diff \"${PODS_PODFILE_DIR_PATH}/Podfile.lock\" \"${PODS_ROOT}/Manifest.lock\" > /dev/null\nif [ $? != 0 ] ; then\n    # print error to STDERR\n    echo \"error: The sandbox is not in sync with the Podfile.lock. Run 'pod install' or update your CocoaPods installation.\" >&2\n    exit 1\nfi\n# This output is used by Xcode 'outputs' to avoid re-running this script phase.\necho \"SUCCESS\" > \"${SCRIPT_OUTPUT_FILE_0}\"\n";
			showEnvVarsInLog = 0;
		};
/* End PBXShellScriptBuildPhase section */

/* Begin PBXSourcesBuildPhase section */
		ACBD0252263D921C00DBF110 /* Sources */ = {
			isa = PBXSourcesBuildPhase;
			buildActionMask = 2147483647;
			files = (
				ACBD0276263D9B5200DBF110 /* HomeViewController.swift in Sources */,
				ACBD0273263D97DD00DBF110 /* LoginViewController.swift in Sources */,
				ACBD025E263D921D00DBF110 /* ViewController.swift in Sources */,
				ACBD027C263D9F3700DBF110 /* PlaceViewController.swift in Sources */,
				ACBD025A263D921C00DBF110 /* AppDelegate.swift in Sources */,
				ACBD025C263D921C00DBF110 /* SceneDelegate.swift in Sources */,
				ACBD0279263D9E6A00DBF110 /* ReserveViewController.swift in Sources */,
				ACBD027F263D9F7C00DBF110 /* MyPageViewController.swift in Sources */,
			);
			runOnlyForDeploymentPostprocessing = 0;
		};
/* End PBXSourcesBuildPhase section */

/* Begin PBXVariantGroup section */
		ACBD025F263D921D00DBF110 /* Main.storyboard */ = {
			isa = PBXVariantGroup;
			children = (
				ACBD0260263D921D00DBF110 /* Base */,
			);
			name = Main.storyboard;
			sourceTree = "<group>";
		};
		ACBD0264263D921E00DBF110 /* LaunchScreen.storyboard */ = {
			isa = PBXVariantGroup;
			children = (
				ACBD0265263D921E00DBF110 /* Base */,
			);
			name = LaunchScreen.storyboard;
			sourceTree = "<group>";
		};
/* End PBXVariantGroup section */

/* Begin XCBuildConfiguration section */
		ACBD0268263D921E00DBF110 /* Debug */ = {
			isa = XCBuildConfiguration;
			buildSettings = {
				ALWAYS_SEARCH_USER_PATHS = NO;
				CLANG_ANALYZER_NONNULL = YES;
				CLANG_ANALYZER_NUMBER_OBJECT_CONVERSION = YES_AGGRESSIVE;
				CLANG_CXX_LANGUAGE_STANDARD = "gnu++14";
				CLANG_CXX_LIBRARY = "libc++";
				CLANG_ENABLE_MODULES = YES;
				CLANG_ENABLE_OBJC_ARC = YES;
				CLANG_ENABLE_OBJC_WEAK = YES;
				CLANG_WARN_BLOCK_CAPTURE_AUTORELEASING = YES;
				CLANG_WARN_BOOL_CONVERSION = YES;
				CLANG_WARN_COMMA = YES;
				CLANG_WARN_CONSTANT_CONVERSION = YES;
				CLANG_WARN_DEPRECATED_OBJC_IMPLEMENTATIONS = YES;
				CLANG_WARN_DIRECT_OBJC_ISA_USAGE = YES_ERROR;
				CLANG_WARN_DOCUMENTATION_COMMENTS = YES;
				CLANG_WARN_EMPTY_BODY = YES;
				CLANG_WARN_ENUM_CONVERSION = YES;
				CLANG_WARN_INFINITE_RECURSION = YES;
				CLANG_WARN_INT_CONVERSION = YES;
				CLANG_WARN_NON_LITERAL_NULL_CONVERSION = YES;
				CLANG_WARN_OBJC_IMPLICIT_RETAIN_SELF = YES;
				CLANG_WARN_OBJC_LITERAL_CONVERSION = YES;
				CLANG_WARN_OBJC_ROOT_CLASS = YES_ERROR;
				CLANG_WARN_QUOTED_INCLUDE_IN_FRAMEWORK_HEADER = YES;
				CLANG_WARN_RANGE_LOOP_ANALYSIS = YES;
				CLANG_WARN_STRICT_PROTOTYPES = YES;
				CLANG_WARN_SUSPICIOUS_MOVE = YES;
				CLANG_WARN_UNGUARDED_AVAILABILITY = YES_AGGRESSIVE;
				CLANG_WARN_UNREACHABLE_CODE = YES;
				CLANG_WARN__DUPLICATE_METHOD_MATCH = YES;
				COPY_PHASE_STRIP = NO;
				DEBUG_INFORMATION_FORMAT = dwarf;
				ENABLE_STRICT_OBJC_MSGSEND = YES;
				ENABLE_TESTABILITY = YES;
				GCC_C_LANGUAGE_STANDARD = gnu11;
				GCC_DYNAMIC_NO_PIC = NO;
				GCC_NO_COMMON_BLOCKS = YES;
				GCC_OPTIMIZATION_LEVEL = 0;
				GCC_PREPROCESSOR_DEFINITIONS = (
					"DEBUG=1",
					"$(inherited)",
				);
				GCC_WARN_64_TO_32_BIT_CONVERSION = YES;
				GCC_WARN_ABOUT_RETURN_TYPE = YES_ERROR;
				GCC_WARN_UNDECLARED_SELECTOR = YES;
				GCC_WARN_UNINITIALIZED_AUTOS = YES_AGGRESSIVE;
				GCC_WARN_UNUSED_FUNCTION = YES;
				GCC_WARN_UNUSED_VARIABLE = YES;
				IPHONEOS_DEPLOYMENT_TARGET = 14.2;
				MTL_ENABLE_DEBUG_INFO = INCLUDE_SOURCE;
				MTL_FAST_MATH = YES;
				ONLY_ACTIVE_ARCH = YES;
				SDKROOT = iphoneos;
				SWIFT_ACTIVE_COMPILATION_CONDITIONS = DEBUG;
				SWIFT_OPTIMIZATION_LEVEL = "-Onone";
			};
			name = Debug;
		};
		ACBD0269263D921E00DBF110 /* Release */ = {
			isa = XCBuildConfiguration;
			buildSettings = {
				ALWAYS_SEARCH_USER_PATHS = NO;
				CLANG_ANALYZER_NONNULL = YES;
				CLANG_ANALYZER_NUMBER_OBJECT_CONVERSION = YES_AGGRESSIVE;
				CLANG_CXX_LANGUAGE_STANDARD = "gnu++14";
				CLANG_CXX_LIBRARY = "libc++";
				CLANG_ENABLE_MODULES = YES;
				CLANG_ENABLE_OBJC_ARC = YES;
				CLANG_ENABLE_OBJC_WEAK = YES;
				CLANG_WARN_BLOCK_CAPTURE_AUTORELEASING = YES;
				CLANG_WARN_BOOL_CONVERSION = YES;
				CLANG_WARN_COMMA = YES;
				CLANG_WARN_CONSTANT_CONVERSION = YES;
				CLANG_WARN_DEPRECATED_OBJC_IMPLEMENTATIONS = YES;
				CLANG_WARN_DIRECT_OBJC_ISA_USAGE = YES_ERROR;
				CLANG_WARN_DOCUMENTATION_COMMENTS = YES;
				CLANG_WARN_EMPTY_BODY = YES;
				CLANG_WARN_ENUM_CONVERSION = YES;
				CLANG_WARN_INFINITE_RECURSION = YES;
				CLANG_WARN_INT_CONVERSION = YES;
				CLANG_WARN_NON_LITERAL_NULL_CONVERSION = YES;
				CLANG_WARN_OBJC_IMPLICIT_RETAIN_SELF = YES;
				CLANG_WARN_OBJC_LITERAL_CONVERSION = YES;
				CLANG_WARN_OBJC_ROOT_CLASS = YES_ERROR;
				CLANG_WARN_QUOTED_INCLUDE_IN_FRAMEWORK_HEADER = YES;
				CLANG_WARN_RANGE_LOOP_ANALYSIS = YES;
				CLANG_WARN_STRICT_PROTOTYPES = YES;
				CLANG_WARN_SUSPICIOUS_MOVE = YES;
				CLANG_WARN_UNGUARDED_AVAILABILITY = YES_AGGRESSIVE;
				CLANG_WARN_UNREACHABLE_CODE = YES;
				CLANG_WARN__DUPLICATE_METHOD_MATCH = YES;
				COPY_PHASE_STRIP = NO;
				DEBUG_INFORMATION_FORMAT = "dwarf-with-dsym";
				ENABLE_NS_ASSERTIONS = NO;
				ENABLE_STRICT_OBJC_MSGSEND = YES;
				GCC_C_LANGUAGE_STANDARD = gnu11;
				GCC_NO_COMMON_BLOCKS = YES;
				GCC_WARN_64_TO_32_BIT_CONVERSION = YES;
				GCC_WARN_ABOUT_RETURN_TYPE = YES_ERROR;
				GCC_WARN_UNDECLARED_SELECTOR = YES;
				GCC_WARN_UNINITIALIZED_AUTOS = YES_AGGRESSIVE;
				GCC_WARN_UNUSED_FUNCTION = YES;
				GCC_WARN_UNUSED_VARIABLE = YES;
				IPHONEOS_DEPLOYMENT_TARGET = 14.2;
				MTL_ENABLE_DEBUG_INFO = NO;
				MTL_FAST_MATH = YES;
				SDKROOT = iphoneos;
				SWIFT_COMPILATION_MODE = wholemodule;
				SWIFT_OPTIMIZATION_LEVEL = "-O";
				VALIDATE_PRODUCT = YES;
			};
			name = Release;
		};
		ACBD026B263D921E00DBF110 /* Debug */ = {
			isa = XCBuildConfiguration;
			baseConfigurationReference = 98D2EFED481005AE53F5B0FB /* Pods-car-reservation.debug.xcconfig */;
			buildSettings = {
				ASSETCATALOG_COMPILER_APPICON_NAME = AppIcon;
				ASSETCATALOG_COMPILER_GLOBAL_ACCENT_COLOR_NAME = AccentColor;
				CODE_SIGN_STYLE = Automatic;
				DEVELOPMENT_TEAM = S3ZK8MXV5G;
				INFOPLIST_FILE = "car-reservation/Info.plist";
				LD_RUNPATH_SEARCH_PATHS = (
					"$(inherited)",
					"@executable_path/Frameworks",
				);
				PRODUCT_BUNDLE_IDENTIFIER = "jp.techacademy.hiroshi.okazawa.car-reservation";
				PRODUCT_NAME = "$(TARGET_NAME)";
				SWIFT_VERSION = 5.0;
				TARGETED_DEVICE_FAMILY = "1,2";
			};
			name = Debug;
		};
		ACBD026C263D921E00DBF110 /* Release */ = {
			isa = XCBuildConfiguration;
			baseConfigurationReference = 5AC74CAC88A61D41A3539F0B /* Pods-car-reservation.release.xcconfig */;
			buildSettings = {
				ASSETCATALOG_COMPILER_APPICON_NAME = AppIcon;
				ASSETCATALOG_COMPILER_GLOBAL_ACCENT_COLOR_NAME = AccentColor;
				CODE_SIGN_STYLE = Automatic;
				DEVELOPMENT_TEAM = S3ZK8MXV5G;
				INFOPLIST_FILE = "car-reservation/Info.plist";
				LD_RUNPATH_SEARCH_PATHS = (
					"$(inherited)",
					"@executable_path/Frameworks",
				);
				PRODUCT_BUNDLE_IDENTIFIER = "jp.techacademy.hiroshi.okazawa.car-reservation";
				PRODUCT_NAME = "$(TARGET_NAME)";
				SWIFT_VERSION = 5.0;
				TARGETED_DEVICE_FAMILY = "1,2";
			};
			name = Release;
		};
/* End XCBuildConfiguration section */

/* Begin XCConfigurationList section */
		ACBD0251263D921C00DBF110 /* Build configuration list for PBXProject "car-reservation" */ = {
			isa = XCConfigurationList;
			buildConfigurations = (
				ACBD0268263D921E00DBF110 /* Debug */,
				ACBD0269263D921E00DBF110 /* Release */,
			);
			defaultConfigurationIsVisible = 0;
			defaultConfigurationName = Release;
		};
		ACBD026A263D921E00DBF110 /* Build configuration list for PBXNativeTarget "car-reservation" */ = {
			isa = XCConfigurationList;
			buildConfigurations = (
				ACBD026B263D921E00DBF110 /* Debug */,
				ACBD026C263D921E00DBF110 /* Release */,
			);
			defaultConfigurationIsVisible = 0;
			defaultConfigurationName = Release;
		};
/* End XCConfigurationList section */
	};
	rootObject = ACBD024E263D921C00DBF110 /* Project object */;
}
